
Microsoft Visual Studio Solution File, Format Version 12.00
# Visual Studio Version 16
VisualStudioVersion = 16.0.31624.102
MinimumVisualStudioVersion = 10.0.40219.1
Project("{2150E333-8FDC-42A3-9474-1A3956D46DE8}") = "Services", "Services", "{48BCBB39-BA69-4663-90A9-45C89072C185}"
EndProject
Project("{2150E333-8FDC-42A3-9474-1A3956D46DE8}") = "Catalog", "Catalog", "{08279200-F6B7-4E51-B463-F561CFAFAF5F}"
EndProject
Project("{9A19103F-16F7-4668-BE54-9A1E7A4F7556}") = "Catalog.API", "Services\Catalog\Catalog.API\Catalog.API.csproj", "{61D96643-E063-46C6-ADA7-3C5C3C679AD9}"
EndProject
Project("{E53339B2-1760-4266-BCC7-CA923CBCF16C}") = "docker-compose", "docker-compose.dcproj", "{0273B7F5-868D-4BA8-99FB-F4A1667CFEE5}"
EndProject
Global
	GlobalSection(SolutionConfigurationPlatforms) = preSolution
		Debug|Any CPU = Debug|Any CPU
		Release|Any CPU = Release|Any CPU
	EndGlobalSection
	GlobalSection(ProjectConfigurationPlatforms) = postSolution
		{61D96643-E063-46C6-ADA7-3C5C3C679AD9}.Debug|Any CPU.ActiveCfg = Debug|Any CPU
		{61D96643-E063-46C6-ADA7-3C5C3C679AD9}.Debug|Any CPU.Build.0 = Debug|Any CPU
		{61D96643-E063-46C6-ADA7-3C5C3C679AD9}.Release|Any CPU.ActiveCfg = Release|Any CPU
		{61D96643-E063-46C6-ADA7-3C5C3C679AD9}.Release|Any CPU.Build.0 = Release|Any CPU
		{0273B7F5-868D-4BA8-99FB-F4A1667CFEE5}.Debug|Any CPU.ActiveCfg = Debug|Any CPU
		{0273B7F5-868D-4BA8-99FB-F4A1667CFEE5}.Debug|Any CPU.Build.0 = Debug|Any CPU
		{0273B7F5-868D-4BA8-99FB-F4A1667CFEE5}.Release|Any CPU.ActiveCfg = Release|Any CPU
		{0273B7F5-868D-4BA8-99FB-F4A1667CFEE5}.Release|Any CPU.Build.0 = Release|Any CPU
	EndGlobalSection
	GlobalSection(SolutionProperties) = preSolution
		HideSolutionNode = FALSE
	EndGlobalSection
	GlobalSection(NestedProjects) = preSolution
		{08279200-F6B7-4E51-B463-F561CFAFAF5F} = {48BCBB39-BA69-4663-90A9-45C89072C185}
		{61D96643-E063-46C6-ADA7-3C5C3C679AD9} = {08279200-F6B7-4E51-B463-F561CFAFAF5F}
	EndGlobalSection
	GlobalSection(ExtensibilityGlobals) = postSolution
		SolutionGuid = {57D8EA2D-F826-4724-A8EF-1D8B794E19A8}
	EndGlobalSection
EndGlobal
